PODS:
  - SDWebImage (5.12.1):
    - SDWebImage/Core (= 5.12.1)
  - SDWebImage/Core (5.12.1)

DEPENDENCIES:
  - SDWebImage (~> 5.0)

SPEC REPOS:
  trunk:
    - SDWebImage

SPEC CHECKSUMS:
  SDWebImage: 4dc3e42d9ec0c1028b960a33ac6b637bb432207b

PODFILE CHECKSUM: df1d5dbd57ae333195e88b77771c7cfd5b93921a

COCOAPODS: 1.10.1
